
Microsoft Visual Studio Solution File, Format Version 12.00
# Visual Studio Version 16
VisualStudioVersion = 16.0.29709.97
MinimumVisualStudioVersion = 10.0.40219.1
Project("{FAE04EC0-301F-11D3-BF4B-00C04F79EFBC}") = "AspNetCoreIntro", "AspNetCoreIntro\AspNetCoreIntro.csproj", "{56BB3916-7675-49C5-9030-C722C554427E}"
EndProject
Global
	GlobalSection(SolutionConfigurationPlatforms) = preSolution
		Debug|Any CPU = Debug|Any CPU
		Release|Any CPU = Release|Any CPU
	EndGlobalSection
	GlobalSection(ProjectConfigurationPlatforms) = postSolution
		{56BB3916-7675-49C5-9030-C722C554427E}.Debug|Any CPU.ActiveCfg = Debug|Any CPU
		{56BB3916-7675-49C5-9030-C722C554427E}.Debug|Any CPU.Build.0 = Debug|Any CPU
		{56BB3916-7675-49C5-9030-C722C554427E}.Release|Any CPU.ActiveCfg = Release|Any CPU
		{56BB3916-7675-49C5-9030-C722C554427E}.Release|Any CPU.Build.0 = Release|Any CPU
	EndGlobalSection
	GlobalSection(SolutionProperties) = preSolution
		HideSolutionNode = FALSE
	EndGlobalSection
	GlobalSection(ExtensibilityGlobals) = postSolution
		SolutionGuid = {B9EF5124-CF40-4E55-B600-156B6C92CFC2}
	EndGlobalSection
EndGlobal
