
Microsoft Visual Studio Solution File, Format Version 12.00
# Visual Studio Version 16
VisualStudioVersion = 16.0.30804.86
MinimumVisualStudioVersion = 10.0.40219.1
Project("{9A19103F-16F7-4668-BE54-9A1E7A4F7556}") = "Fibonacci", "Fibonacci\Fibonacci.csproj", "{3F20EC81-A0D4-4F58-A0A0-ABBB6F8E996E}"
EndProject
Project("{FAE04EC0-301F-11D3-BF4B-00C04F79EFBC}") = "SubsetSum", "SubsetSum\SubsetSum.csproj", "{50739581-4CDC-44D2-8975-9AA2EAC3E71E}"
EndProject
Project("{FAE04EC0-301F-11D3-BF4B-00C04F79EFBC}") = "SubsetSumWithRepetition", "SubsetSumWithRepetition\SubsetSumWithRepetition.csproj", "{A40F2F88-8B0C-4DFB-8307-C67312FE1CDB}"
EndProject
Project("{FAE04EC0-301F-11D3-BF4B-00C04F79EFBC}") = "MoveDownOrRight", "MoveDownOrRight\MoveDownOrRight.csproj", "{23303385-B27B-4BCC-82A2-BEA8508D210E}"
EndProject
Project("{FAE04EC0-301F-11D3-BF4B-00C04F79EFBC}") = "LongestCommonSubsequence", "LongestCommonSubsequence\LongestCommonSubsequence.csproj", "{8DC32486-B0C5-423A-A66A-5A4ADB4EFCF5}"
EndProject
Global
	GlobalSection(SolutionConfigurationPlatforms) = preSolution
		Debug|Any CPU = Debug|Any CPU
		Release|Any CPU = Release|Any CPU
	EndGlobalSection
	GlobalSection(ProjectConfigurationPlatforms) = postSolution
		{3F20EC81-A0D4-4F58-A0A0-ABBB6F8E996E}.Debug|Any CPU.ActiveCfg = Debug|Any CPU
		{3F20EC81-A0D4-4F58-A0A0-ABBB6F8E996E}.Debug|Any CPU.Build.0 = Debug|Any CPU
		{3F20EC81-A0D4-4F58-A0A0-ABBB6F8E996E}.Release|Any CPU.ActiveCfg = Release|Any CPU
		{3F20EC81-A0D4-4F58-A0A0-ABBB6F8E996E}.Release|Any CPU.Build.0 = Release|Any CPU
		{50739581-4CDC-44D2-8975-9AA2EAC3E71E}.Debug|Any CPU.ActiveCfg = Debug|Any CPU
		{50739581-4CDC-44D2-8975-9AA2EAC3E71E}.Debug|Any CPU.Build.0 = Debug|Any CPU
		{50739581-4CDC-44D2-8975-9AA2EAC3E71E}.Release|Any CPU.ActiveCfg = Release|Any CPU
		{50739581-4CDC-44D2-8975-9AA2EAC3E71E}.Release|Any CPU.Build.0 = Release|Any CPU
		{A40F2F88-8B0C-4DFB-8307-C67312FE1CDB}.Debug|Any CPU.ActiveCfg = Debug|Any CPU
		{A40F2F88-8B0C-4DFB-8307-C67312FE1CDB}.Debug|Any CPU.Build.0 = Debug|Any CPU
		{A40F2F88-8B0C-4DFB-8307-C67312FE1CDB}.Release|Any CPU.ActiveCfg = Release|Any CPU
		{A40F2F88-8B0C-4DFB-8307-C67312FE1CDB}.Release|Any CPU.Build.0 = Release|Any CPU
		{23303385-B27B-4BCC-82A2-BEA8508D210E}.Debug|Any CPU.ActiveCfg = Debug|Any CPU
		{23303385-B27B-4BCC-82A2-BEA8508D210E}.Debug|Any CPU.Build.0 = Debug|Any CPU
		{23303385-B27B-4BCC-82A2-BEA8508D210E}.Release|Any CPU.ActiveCfg = Release|Any CPU
		{23303385-B27B-4BCC-82A2-BEA8508D210E}.Release|Any CPU.Build.0 = Release|Any CPU
		{8DC32486-B0C5-423A-A66A-5A4ADB4EFCF5}.Debug|Any CPU.ActiveCfg = Debug|Any CPU
		{8DC32486-B0C5-423A-A66A-5A4ADB4EFCF5}.Debug|Any CPU.Build.0 = Debug|Any CPU
		{8DC32486-B0C5-423A-A66A-5A4ADB4EFCF5}.Release|Any CPU.ActiveCfg = Release|Any CPU
		{8DC32486-B0C5-423A-A66A-5A4ADB4EFCF5}.Release|Any CPU.Build.0 = Release|Any CPU
	EndGlobalSection
	GlobalSection(SolutionProperties) = preSolution
		HideSolutionNode = FALSE
	EndGlobalSection
	GlobalSection(ExtensibilityGlobals) = postSolution
		SolutionGuid = {EB4C1497-CFEC-4E8A-9BD4-AC0D8630819C}
	EndGlobalSection
EndGlobal
