
Microsoft Visual Studio Solution File, Format Version 12.00
# Visual Studio Version 16
VisualStudioVersion = 16.0.31005.135
MinimumVisualStudioVersion = 10.0.40219.1
Project("{FAE04EC0-301F-11D3-BF4B-00C04F79EFBC}") = "TourDeSofia", "TourDeSofia\TourDeSofia.csproj", "{C3364766-551E-4B92-BE92-8EE1E52ECE3A}"
EndProject
Project("{FAE04EC0-301F-11D3-BF4B-00C04F79EFBC}") = "ChainLightning", "ChainLightning\ChainLightning.csproj", "{1528AEF3-5620-491B-9AA8-B5347F950453}"
EndProject
Project("{FAE04EC0-301F-11D3-BF4B-00C04F79EFBC}") = "RoadTrip", "RoadTrip\RoadTrip.csproj", "{33E72EE8-1715-4D54-B17E-75802DB19D8E}"
EndProject
Global
	GlobalSection(SolutionConfigurationPlatforms) = preSolution
		Debug|Any CPU = Debug|Any CPU
		Release|Any CPU = Release|Any CPU
	EndGlobalSection
	GlobalSection(ProjectConfigurationPlatforms) = postSolution
		{C3364766-551E-4B92-BE92-8EE1E52ECE3A}.Debug|Any CPU.ActiveCfg = Debug|Any CPU
		{C3364766-551E-4B92-BE92-8EE1E52ECE3A}.Debug|Any CPU.Build.0 = Debug|Any CPU
		{C3364766-551E-4B92-BE92-8EE1E52ECE3A}.Release|Any CPU.ActiveCfg = Release|Any CPU
		{C3364766-551E-4B92-BE92-8EE1E52ECE3A}.Release|Any CPU.Build.0 = Release|Any CPU
		{1528AEF3-5620-491B-9AA8-B5347F950453}.Debug|Any CPU.ActiveCfg = Debug|Any CPU
		{1528AEF3-5620-491B-9AA8-B5347F950453}.Debug|Any CPU.Build.0 = Debug|Any CPU
		{1528AEF3-5620-491B-9AA8-B5347F950453}.Release|Any CPU.ActiveCfg = Release|Any CPU
		{1528AEF3-5620-491B-9AA8-B5347F950453}.Release|Any CPU.Build.0 = Release|Any CPU
		{33E72EE8-1715-4D54-B17E-75802DB19D8E}.Debug|Any CPU.ActiveCfg = Debug|Any CPU
		{33E72EE8-1715-4D54-B17E-75802DB19D8E}.Debug|Any CPU.Build.0 = Debug|Any CPU
		{33E72EE8-1715-4D54-B17E-75802DB19D8E}.Release|Any CPU.ActiveCfg = Release|Any CPU
		{33E72EE8-1715-4D54-B17E-75802DB19D8E}.Release|Any CPU.Build.0 = Release|Any CPU
	EndGlobalSection
	GlobalSection(SolutionProperties) = preSolution
		HideSolutionNode = FALSE
	EndGlobalSection
	GlobalSection(ExtensibilityGlobals) = postSolution
		SolutionGuid = {3BD6A6F2-B046-413E-BD65-908D705F584B}
	EndGlobalSection
EndGlobal
