
Microsoft Visual Studio Solution File, Format Version 12.00
# Visual Studio Version 16
VisualStudioVersion = 16.0.30907.101
MinimumVisualStudioVersion = 10.0.40219.1
Project("{FAE04EC0-301F-11D3-BF4B-00C04F79EFBC}") = "CableMerchant", "CableMerchant\CableMerchant.csproj", "{4526C12D-CCD9-4155-AFA3-03605007EF92}"
EndProject
Project("{FAE04EC0-301F-11D3-BF4B-00C04F79EFBC}") = "LongestStringChain", "LongestStringChain\LongestStringChain.csproj", "{97F19E8D-5EEA-4AE1-8108-907160BCF307}"
EndProject
Project("{FAE04EC0-301F-11D3-BF4B-00C04F79EFBC}") = "BattlePoints", "BattlePoints\BattlePoints.csproj", "{AE07B36E-B649-4B10-995C-317AC625CA6A}"
EndProject
Project("{FAE04EC0-301F-11D3-BF4B-00C04F79EFBC}") = "LongestZigzagSubsequence", "LongestZigzagSubsequence\LongestZigzagSubsequence.csproj", "{0AC9CABA-4661-4AFD-91CD-24FD96290BDF}"
EndProject
Global
	GlobalSection(SolutionConfigurationPlatforms) = preSolution
		Debug|Any CPU = Debug|Any CPU
		Release|Any CPU = Release|Any CPU
	EndGlobalSection
	GlobalSection(ProjectConfigurationPlatforms) = postSolution
		{4526C12D-CCD9-4155-AFA3-03605007EF92}.Debug|Any CPU.ActiveCfg = Debug|Any CPU
		{4526C12D-CCD9-4155-AFA3-03605007EF92}.Debug|Any CPU.Build.0 = Debug|Any CPU
		{4526C12D-CCD9-4155-AFA3-03605007EF92}.Release|Any CPU.ActiveCfg = Release|Any CPU
		{4526C12D-CCD9-4155-AFA3-03605007EF92}.Release|Any CPU.Build.0 = Release|Any CPU
		{97F19E8D-5EEA-4AE1-8108-907160BCF307}.Debug|Any CPU.ActiveCfg = Debug|Any CPU
		{97F19E8D-5EEA-4AE1-8108-907160BCF307}.Debug|Any CPU.Build.0 = Debug|Any CPU
		{97F19E8D-5EEA-4AE1-8108-907160BCF307}.Release|Any CPU.ActiveCfg = Release|Any CPU
		{97F19E8D-5EEA-4AE1-8108-907160BCF307}.Release|Any CPU.Build.0 = Release|Any CPU
		{AE07B36E-B649-4B10-995C-317AC625CA6A}.Debug|Any CPU.ActiveCfg = Debug|Any CPU
		{AE07B36E-B649-4B10-995C-317AC625CA6A}.Debug|Any CPU.Build.0 = Debug|Any CPU
		{AE07B36E-B649-4B10-995C-317AC625CA6A}.Release|Any CPU.ActiveCfg = Release|Any CPU
		{AE07B36E-B649-4B10-995C-317AC625CA6A}.Release|Any CPU.Build.0 = Release|Any CPU
		{0AC9CABA-4661-4AFD-91CD-24FD96290BDF}.Debug|Any CPU.ActiveCfg = Debug|Any CPU
		{0AC9CABA-4661-4AFD-91CD-24FD96290BDF}.Debug|Any CPU.Build.0 = Debug|Any CPU
		{0AC9CABA-4661-4AFD-91CD-24FD96290BDF}.Release|Any CPU.ActiveCfg = Release|Any CPU
		{0AC9CABA-4661-4AFD-91CD-24FD96290BDF}.Release|Any CPU.Build.0 = Release|Any CPU
	EndGlobalSection
	GlobalSection(SolutionProperties) = preSolution
		HideSolutionNode = FALSE
	EndGlobalSection
	GlobalSection(ExtensibilityGlobals) = postSolution
		SolutionGuid = {959BCD21-A5F1-4DFB-8DFB-4B94731AF7AA}
	EndGlobalSection
EndGlobal
