
Microsoft Visual Studio Solution File, Format Version 12.00
# Visual Studio Version 16
VisualStudioVersion = 16.0.30804.86
MinimumVisualStudioVersion = 10.0.40219.1
Project("{9A19103F-16F7-4668-BE54-9A1E7A4F7556}") = "DijkstraSAlgorithm", "DijkstraSAlgorithm\DijkstraSAlgorithm.csproj", "{72AF7C07-4E28-414E-80CE-8247BEB0ECD6}"
EndProject
Project("{FAE04EC0-301F-11D3-BF4B-00C04F79EFBC}") = "KruskalSAlgorithm", "KruskalSAlgorithm\KruskalSAlgorithm.csproj", "{8341136A-CBDC-47B6-98E6-99949B785B05}"
EndProject
Project("{FAE04EC0-301F-11D3-BF4B-00C04F79EFBC}") = "PrimSAlgorithm", "PrimSAlgorithm\PrimSAlgorithm.csproj", "{EEB5C67B-B0E0-4249-9DD7-F5C5B70F77BF}"
EndProject
Global
	GlobalSection(SolutionConfigurationPlatforms) = preSolution
		Debug|Any CPU = Debug|Any CPU
		Release|Any CPU = Release|Any CPU
	EndGlobalSection
	GlobalSection(ProjectConfigurationPlatforms) = postSolution
		{72AF7C07-4E28-414E-80CE-8247BEB0ECD6}.Debug|Any CPU.ActiveCfg = Debug|Any CPU
		{72AF7C07-4E28-414E-80CE-8247BEB0ECD6}.Debug|Any CPU.Build.0 = Debug|Any CPU
		{72AF7C07-4E28-414E-80CE-8247BEB0ECD6}.Release|Any CPU.ActiveCfg = Release|Any CPU
		{72AF7C07-4E28-414E-80CE-8247BEB0ECD6}.Release|Any CPU.Build.0 = Release|Any CPU
		{8341136A-CBDC-47B6-98E6-99949B785B05}.Debug|Any CPU.ActiveCfg = Debug|Any CPU
		{8341136A-CBDC-47B6-98E6-99949B785B05}.Debug|Any CPU.Build.0 = Debug|Any CPU
		{8341136A-CBDC-47B6-98E6-99949B785B05}.Release|Any CPU.ActiveCfg = Release|Any CPU
		{8341136A-CBDC-47B6-98E6-99949B785B05}.Release|Any CPU.Build.0 = Release|Any CPU
		{EEB5C67B-B0E0-4249-9DD7-F5C5B70F77BF}.Debug|Any CPU.ActiveCfg = Debug|Any CPU
		{EEB5C67B-B0E0-4249-9DD7-F5C5B70F77BF}.Debug|Any CPU.Build.0 = Debug|Any CPU
		{EEB5C67B-B0E0-4249-9DD7-F5C5B70F77BF}.Release|Any CPU.ActiveCfg = Release|Any CPU
		{EEB5C67B-B0E0-4249-9DD7-F5C5B70F77BF}.Release|Any CPU.Build.0 = Release|Any CPU
	EndGlobalSection
	GlobalSection(SolutionProperties) = preSolution
		HideSolutionNode = FALSE
	EndGlobalSection
	GlobalSection(ExtensibilityGlobals) = postSolution
		SolutionGuid = {FEA2FB7F-9945-44C7-807B-BC38A4AF406B}
	EndGlobalSection
EndGlobal
