
Microsoft Visual Studio Solution File, Format Version 12.00
# Visual Studio Version 16
VisualStudioVersion = 16.0.31025.194
MinimumVisualStudioVersion = 10.0.40219.1
Project("{FAE04EC0-301F-11D3-BF4B-00C04F79EFBC}") = "ConsultationDayDemo", "ConsultationDayDemo\ConsultationDayDemo.csproj", "{AE782AF9-0E5F-4A8F-A82C-9B6704CAAE24}"
EndProject
Global
	GlobalSection(SolutionConfigurationPlatforms) = preSolution
		Debug|Any CPU = Debug|Any CPU
		Release|Any CPU = Release|Any CPU
	EndGlobalSection
	GlobalSection(ProjectConfigurationPlatforms) = postSolution
		{AE782AF9-0E5F-4A8F-A82C-9B6704CAAE24}.Debug|Any CPU.ActiveCfg = Debug|Any CPU
		{AE782AF9-0E5F-4A8F-A82C-9B6704CAAE24}.Debug|Any CPU.Build.0 = Debug|Any CPU
		{AE782AF9-0E5F-4A8F-A82C-9B6704CAAE24}.Release|Any CPU.ActiveCfg = Release|Any CPU
		{AE782AF9-0E5F-4A8F-A82C-9B6704CAAE24}.Release|Any CPU.Build.0 = Release|Any CPU
	EndGlobalSection
	GlobalSection(SolutionProperties) = preSolution
		HideSolutionNode = FALSE
	EndGlobalSection
	GlobalSection(ExtensibilityGlobals) = postSolution
		SolutionGuid = {D8C84935-2225-4CCF-A7C3-98313B84E18C}
	EndGlobalSection
EndGlobal
