
Microsoft Visual Studio Solution File, Format Version 12.00
# Visual Studio Version 16
VisualStudioVersion = 16.0.30717.126
MinimumVisualStudioVersion = 10.0.40219.1
Project("{FAE04EC0-301F-11D3-BF4B-00C04F79EFBC}") = "RecursiveArraySum", "RecursiveArraySum\RecursiveArraySum.csproj", "{89BAD479-D20B-435D-AA7B-6765900261E7}"
EndProject
Project("{FAE04EC0-301F-11D3-BF4B-00C04F79EFBC}") = "RecursiveDrawing", "RecursiveDrawing\RecursiveDrawing.csproj", "{276A1DA0-7D88-49AB-8B08-618258621847}"
EndProject
Project("{FAE04EC0-301F-11D3-BF4B-00C04F79EFBC}") = "Generating0-1Vectors", "Generating0-1Vectors\Generating0-1Vectors.csproj", "{6B2C31DA-4D68-4A3A-A904-1583157A289B}"
EndProject
Project("{FAE04EC0-301F-11D3-BF4B-00C04F79EFBC}") = "RecursiveFactorial", "RecursiveFactorial\RecursiveFactorial.csproj", "{1619B59E-59E6-4069-BC98-62C4A042E807}"
EndProject
Project("{FAE04EC0-301F-11D3-BF4B-00C04F79EFBC}") = "PathsInLabyrinth", "PathsInLabyrinth\PathsInLabyrinth.csproj", "{4861603A-97F9-43F5-8CE8-8C8665CB2A7A}"
EndProject
Project("{FAE04EC0-301F-11D3-BF4B-00C04F79EFBC}") = "8QueensPuzzle", "8QueensPuzzle\8QueensPuzzle.csproj", "{C6C217E3-7296-4273-A72B-9BC482A5EDB5}"
EndProject
Project("{FAE04EC0-301F-11D3-BF4B-00C04F79EFBC}") = "RecursiveFibonacci", "RecursiveFibonacci\RecursiveFibonacci.csproj", "{359E5F07-E283-4968-BFD6-905D49ADEECA}"
EndProject
Global
	GlobalSection(SolutionConfigurationPlatforms) = preSolution
		Debug|Any CPU = Debug|Any CPU
		Release|Any CPU = Release|Any CPU
	EndGlobalSection
	GlobalSection(ProjectConfigurationPlatforms) = postSolution
		{89BAD479-D20B-435D-AA7B-6765900261E7}.Debug|Any CPU.ActiveCfg = Debug|Any CPU
		{89BAD479-D20B-435D-AA7B-6765900261E7}.Debug|Any CPU.Build.0 = Debug|Any CPU
		{89BAD479-D20B-435D-AA7B-6765900261E7}.Release|Any CPU.ActiveCfg = Release|Any CPU
		{89BAD479-D20B-435D-AA7B-6765900261E7}.Release|Any CPU.Build.0 = Release|Any CPU
		{276A1DA0-7D88-49AB-8B08-618258621847}.Debug|Any CPU.ActiveCfg = Debug|Any CPU
		{276A1DA0-7D88-49AB-8B08-618258621847}.Debug|Any CPU.Build.0 = Debug|Any CPU
		{276A1DA0-7D88-49AB-8B08-618258621847}.Release|Any CPU.ActiveCfg = Release|Any CPU
		{276A1DA0-7D88-49AB-8B08-618258621847}.Release|Any CPU.Build.0 = Release|Any CPU
		{6B2C31DA-4D68-4A3A-A904-1583157A289B}.Debug|Any CPU.ActiveCfg = Debug|Any CPU
		{6B2C31DA-4D68-4A3A-A904-1583157A289B}.Debug|Any CPU.Build.0 = Debug|Any CPU
		{6B2C31DA-4D68-4A3A-A904-1583157A289B}.Release|Any CPU.ActiveCfg = Release|Any CPU
		{6B2C31DA-4D68-4A3A-A904-1583157A289B}.Release|Any CPU.Build.0 = Release|Any CPU
		{1619B59E-59E6-4069-BC98-62C4A042E807}.Debug|Any CPU.ActiveCfg = Debug|Any CPU
		{1619B59E-59E6-4069-BC98-62C4A042E807}.Debug|Any CPU.Build.0 = Debug|Any CPU
		{1619B59E-59E6-4069-BC98-62C4A042E807}.Release|Any CPU.ActiveCfg = Release|Any CPU
		{1619B59E-59E6-4069-BC98-62C4A042E807}.Release|Any CPU.Build.0 = Release|Any CPU
		{4861603A-97F9-43F5-8CE8-8C8665CB2A7A}.Debug|Any CPU.ActiveCfg = Debug|Any CPU
		{4861603A-97F9-43F5-8CE8-8C8665CB2A7A}.Debug|Any CPU.Build.0 = Debug|Any CPU
		{4861603A-97F9-43F5-8CE8-8C8665CB2A7A}.Release|Any CPU.ActiveCfg = Release|Any CPU
		{4861603A-97F9-43F5-8CE8-8C8665CB2A7A}.Release|Any CPU.Build.0 = Release|Any CPU
		{C6C217E3-7296-4273-A72B-9BC482A5EDB5}.Debug|Any CPU.ActiveCfg = Debug|Any CPU
		{C6C217E3-7296-4273-A72B-9BC482A5EDB5}.Debug|Any CPU.Build.0 = Debug|Any CPU
		{C6C217E3-7296-4273-A72B-9BC482A5EDB5}.Release|Any CPU.ActiveCfg = Release|Any CPU
		{C6C217E3-7296-4273-A72B-9BC482A5EDB5}.Release|Any CPU.Build.0 = Release|Any CPU
		{359E5F07-E283-4968-BFD6-905D49ADEECA}.Debug|Any CPU.ActiveCfg = Debug|Any CPU
		{359E5F07-E283-4968-BFD6-905D49ADEECA}.Debug|Any CPU.Build.0 = Debug|Any CPU
		{359E5F07-E283-4968-BFD6-905D49ADEECA}.Release|Any CPU.ActiveCfg = Release|Any CPU
		{359E5F07-E283-4968-BFD6-905D49ADEECA}.Release|Any CPU.Build.0 = Release|Any CPU
	EndGlobalSection
	GlobalSection(SolutionProperties) = preSolution
		HideSolutionNode = FALSE
	EndGlobalSection
	GlobalSection(ExtensibilityGlobals) = postSolution
		SolutionGuid = {CA1180A6-BC5C-4A4D-AA13-637737E4CC61}
	EndGlobalSection
EndGlobal
