
Microsoft Visual Studio Solution File, Format Version 12.00
# Visual Studio Version 16
VisualStudioVersion = 16.0.30907.101
MinimumVisualStudioVersion = 10.0.40219.1
Project("{FAE04EC0-301F-11D3-BF4B-00C04F79EFBC}") = "Bellman-Ford", "Bellman-Ford\Bellman-Ford.csproj", "{2AD75EA6-00D4-44F5-BF3D-DB09EEC9EAFB}"
EndProject
Project("{FAE04EC0-301F-11D3-BF4B-00C04F79EFBC}") = "LongestPath", "LongestPath\LongestPath.csproj", "{7440DB36-3122-49FF-B1AC-10B6727E5658}"
EndProject
Global
	GlobalSection(SolutionConfigurationPlatforms) = preSolution
		Debug|Any CPU = Debug|Any CPU
		Release|Any CPU = Release|Any CPU
	EndGlobalSection
	GlobalSection(ProjectConfigurationPlatforms) = postSolution
		{2AD75EA6-00D4-44F5-BF3D-DB09EEC9EAFB}.Debug|Any CPU.ActiveCfg = Debug|Any CPU
		{2AD75EA6-00D4-44F5-BF3D-DB09EEC9EAFB}.Debug|Any CPU.Build.0 = Debug|Any CPU
		{2AD75EA6-00D4-44F5-BF3D-DB09EEC9EAFB}.Release|Any CPU.ActiveCfg = Release|Any CPU
		{2AD75EA6-00D4-44F5-BF3D-DB09EEC9EAFB}.Release|Any CPU.Build.0 = Release|Any CPU
		{7440DB36-3122-49FF-B1AC-10B6727E5658}.Debug|Any CPU.ActiveCfg = Debug|Any CPU
		{7440DB36-3122-49FF-B1AC-10B6727E5658}.Debug|Any CPU.Build.0 = Debug|Any CPU
		{7440DB36-3122-49FF-B1AC-10B6727E5658}.Release|Any CPU.ActiveCfg = Release|Any CPU
		{7440DB36-3122-49FF-B1AC-10B6727E5658}.Release|Any CPU.Build.0 = Release|Any CPU
	EndGlobalSection
	GlobalSection(SolutionProperties) = preSolution
		HideSolutionNode = FALSE
	EndGlobalSection
	GlobalSection(ExtensibilityGlobals) = postSolution
		SolutionGuid = {47EFD41C-A4FD-4015-B4F9-05C3D90288AC}
	EndGlobalSection
EndGlobal
