
Microsoft Visual Studio Solution File, Format Version 12.00
# Visual Studio Version 16
VisualStudioVersion = 16.0.30204.135
MinimumVisualStudioVersion = 10.0.40219.1
Project("{FAE04EC0-301F-11D3-BF4B-00C04F79EFBC}") = "SumSeconds", "SumSeconds\SumSeconds.csproj", "{C47B57CB-A664-4C3B-A87C-5D2E6E2D11DB}"
EndProject
Project("{FAE04EC0-301F-11D3-BF4B-00C04F79EFBC}") = "BonusScore", "BonusScore\BonusScore.csproj", "{A30EF059-EFFD-456B-B99C-F985531B830F}"
EndProject
Project("{FAE04EC0-301F-11D3-BF4B-00C04F79EFBC}") = "SpeedInfo", "SpeedInfo\SpeedInfo.csproj", "{7510AA82-6063-4DC3-A3CB-76C8BB329C32}"
EndProject
Project("{FAE04EC0-301F-11D3-BF4B-00C04F79EFBC}") = "MetricConverter", "MetricConverter\MetricConverter.csproj", "{16EAB254-D973-40FB-9328-EEC7F8D3CC34}"
EndProject
Project("{FAE04EC0-301F-11D3-BF4B-00C04F79EFBC}") = "TimePlus15Minutes", "TimePlus15Minutes\TimePlus15Minutes.csproj", "{344C209F-42D9-4D43-9D75-5085FAA84AB1}"
EndProject
Project("{FAE04EC0-301F-11D3-BF4B-00C04F79EFBC}") = "GodzillaVsKong", "GodzillaVsKong\GodzillaVsKong.csproj", "{8B0F56B8-50B9-4528-AC49-1FDFA6E50F90}"
EndProject
Project("{FAE04EC0-301F-11D3-BF4B-00C04F79EFBC}") = "WorldSwimmingRecord", "WorldSwimmingRecord\WorldSwimmingRecord.csproj", "{73EABCE1-0DAF-4CB4-8663-89679A30FC34}"
EndProject
Project("{FAE04EC0-301F-11D3-BF4B-00C04F79EFBC}") = "Scholarship", "Scholarship\Scholarship.csproj", "{15E8406E-8DF9-4890-A5FC-6BCF6622C1EF}"
EndProject
Global
	GlobalSection(SolutionConfigurationPlatforms) = preSolution
		Debug|Any CPU = Debug|Any CPU
		Release|Any CPU = Release|Any CPU
	EndGlobalSection
	GlobalSection(ProjectConfigurationPlatforms) = postSolution
		{C47B57CB-A664-4C3B-A87C-5D2E6E2D11DB}.Debug|Any CPU.ActiveCfg = Debug|Any CPU
		{C47B57CB-A664-4C3B-A87C-5D2E6E2D11DB}.Debug|Any CPU.Build.0 = Debug|Any CPU
		{C47B57CB-A664-4C3B-A87C-5D2E6E2D11DB}.Release|Any CPU.ActiveCfg = Release|Any CPU
		{C47B57CB-A664-4C3B-A87C-5D2E6E2D11DB}.Release|Any CPU.Build.0 = Release|Any CPU
		{A30EF059-EFFD-456B-B99C-F985531B830F}.Debug|Any CPU.ActiveCfg = Debug|Any CPU
		{A30EF059-EFFD-456B-B99C-F985531B830F}.Debug|Any CPU.Build.0 = Debug|Any CPU
		{A30EF059-EFFD-456B-B99C-F985531B830F}.Release|Any CPU.ActiveCfg = Release|Any CPU
		{A30EF059-EFFD-456B-B99C-F985531B830F}.Release|Any CPU.Build.0 = Release|Any CPU
		{7510AA82-6063-4DC3-A3CB-76C8BB329C32}.Debug|Any CPU.ActiveCfg = Debug|Any CPU
		{7510AA82-6063-4DC3-A3CB-76C8BB329C32}.Debug|Any CPU.Build.0 = Debug|Any CPU
		{7510AA82-6063-4DC3-A3CB-76C8BB329C32}.Release|Any CPU.ActiveCfg = Release|Any CPU
		{7510AA82-6063-4DC3-A3CB-76C8BB329C32}.Release|Any CPU.Build.0 = Release|Any CPU
		{16EAB254-D973-40FB-9328-EEC7F8D3CC34}.Debug|Any CPU.ActiveCfg = Debug|Any CPU
		{16EAB254-D973-40FB-9328-EEC7F8D3CC34}.Debug|Any CPU.Build.0 = Debug|Any CPU
		{16EAB254-D973-40FB-9328-EEC7F8D3CC34}.Release|Any CPU.ActiveCfg = Release|Any CPU
		{16EAB254-D973-40FB-9328-EEC7F8D3CC34}.Release|Any CPU.Build.0 = Release|Any CPU
		{344C209F-42D9-4D43-9D75-5085FAA84AB1}.Debug|Any CPU.ActiveCfg = Debug|Any CPU
		{344C209F-42D9-4D43-9D75-5085FAA84AB1}.Debug|Any CPU.Build.0 = Debug|Any CPU
		{344C209F-42D9-4D43-9D75-5085FAA84AB1}.Release|Any CPU.ActiveCfg = Release|Any CPU
		{344C209F-42D9-4D43-9D75-5085FAA84AB1}.Release|Any CPU.Build.0 = Release|Any CPU
		{8B0F56B8-50B9-4528-AC49-1FDFA6E50F90}.Debug|Any CPU.ActiveCfg = Debug|Any CPU
		{8B0F56B8-50B9-4528-AC49-1FDFA6E50F90}.Debug|Any CPU.Build.0 = Debug|Any CPU
		{8B0F56B8-50B9-4528-AC49-1FDFA6E50F90}.Release|Any CPU.ActiveCfg = Release|Any CPU
		{8B0F56B8-50B9-4528-AC49-1FDFA6E50F90}.Release|Any CPU.Build.0 = Release|Any CPU
		{73EABCE1-0DAF-4CB4-8663-89679A30FC34}.Debug|Any CPU.ActiveCfg = Debug|Any CPU
		{73EABCE1-0DAF-4CB4-8663-89679A30FC34}.Debug|Any CPU.Build.0 = Debug|Any CPU
		{73EABCE1-0DAF-4CB4-8663-89679A30FC34}.Release|Any CPU.ActiveCfg = Release|Any CPU
		{73EABCE1-0DAF-4CB4-8663-89679A30FC34}.Release|Any CPU.Build.0 = Release|Any CPU
		{15E8406E-8DF9-4890-A5FC-6BCF6622C1EF}.Debug|Any CPU.ActiveCfg = Debug|Any CPU
		{15E8406E-8DF9-4890-A5FC-6BCF6622C1EF}.Debug|Any CPU.Build.0 = Debug|Any CPU
		{15E8406E-8DF9-4890-A5FC-6BCF6622C1EF}.Release|Any CPU.ActiveCfg = Release|Any CPU
		{15E8406E-8DF9-4890-A5FC-6BCF6622C1EF}.Release|Any CPU.Build.0 = Release|Any CPU
	EndGlobalSection
	GlobalSection(SolutionProperties) = preSolution
		HideSolutionNode = FALSE
	EndGlobalSection
	GlobalSection(ExtensibilityGlobals) = postSolution
		SolutionGuid = {E4FDAF48-6CC8-46D6-974B-1D81C7542899}
	EndGlobalSection
EndGlobal
